
Microsoft Visual Studio Solution File, Format Version 12.00
# Visual Studio Version 17
VisualStudioVersion = 17.13.35913.81 d17.13
MinimumVisualStudioVersion = 10.0.40219.1
Project("{FAE04EC0-301F-11D3-BF4B-00C04F79EFBC}") = "RTAUI", "RTAUI.csproj", "{80FDE275-2975-439E-829D-04E2E0730669}"
EndProject
Global
	GlobalSection(SolutionConfigurationPlatforms) = preSolution
		Debug|Any CPU = Debug|Any CPU
		Release|Any CPU = Release|Any CPU
	EndGlobalSection
	GlobalSection(ProjectConfigurationPlatforms) = postSolution
		{80FDE275-2975-439E-829D-04E2E0730669}.Debug|Any CPU.ActiveCfg = Debug|Any CPU
		{80FDE275-2975-439E-829D-04E2E0730669}.Debug|Any CPU.Build.0 = Debug|Any CPU
		{80FDE275-2975-439E-829D-04E2E0730669}.Release|Any CPU.ActiveCfg = Release|Any CPU
		{80FDE275-2975-439E-829D-04E2E0730669}.Release|Any CPU.Build.0 = Release|Any CPU
	EndGlobalSection
	GlobalSection(SolutionProperties) = preSolution
		HideSolutionNode = FALSE
	EndGlobalSection
	GlobalSection(ExtensibilityGlobals) = postSolution
		SolutionGuid = {2E3D60D0-CE0B-4A42-9920-774A4ECD4041}
	EndGlobalSection
EndGlobal
